
Microsoft Visual Studio Solution File, Format Version 12.00
# Visual Studio Version 17
VisualStudioVersion = 17.0.31919.166
MinimumVisualStudioVersion = 10.0.40219.1
Project("{FAE04EC0-301F-11D3-BF4B-00C04F79EFBC}") = "TestClass", "TestClass\TestClass.csproj", "{30516663-4299-4AAE-9746-31B6CAAD82EE}"
EndProject
Project("{FAE04EC0-301F-11D3-BF4B-00C04F79EFBC}") = "Attributes", "Attributes\Attributes.csproj", "{2EB8492A-3E0C-4F3C-8C78-6945F5A5444F}"
EndProject
Global
	GlobalSection(SolutionConfigurationPlatforms) = preSolution
		Debug|Any CPU = Debug|Any CPU
		Release|Any CPU = Release|Any CPU
	EndGlobalSection
	GlobalSection(ProjectConfigurationPlatforms) = postSolution
		{30516663-4299-4AAE-9746-31B6CAAD82EE}.Debug|Any CPU.ActiveCfg = Debug|Any CPU
		{30516663-4299-4AAE-9746-31B6CAAD82EE}.Debug|Any CPU.Build.0 = Debug|Any CPU
		{30516663-4299-4AAE-9746-31B6CAAD82EE}.Release|Any CPU.ActiveCfg = Release|Any CPU
		{30516663-4299-4AAE-9746-31B6CAAD82EE}.Release|Any CPU.Build.0 = Release|Any CPU
		{2EB8492A-3E0C-4F3C-8C78-6945F5A5444F}.Debug|Any CPU.ActiveCfg = Debug|Any CPU
		{2EB8492A-3E0C-4F3C-8C78-6945F5A5444F}.Debug|Any CPU.Build.0 = Debug|Any CPU
		{2EB8492A-3E0C-4F3C-8C78-6945F5A5444F}.Release|Any CPU.ActiveCfg = Release|Any CPU
		{2EB8492A-3E0C-4F3C-8C78-6945F5A5444F}.Release|Any CPU.Build.0 = Release|Any CPU
	EndGlobalSection
	GlobalSection(SolutionProperties) = preSolution
		HideSolutionNode = FALSE
	EndGlobalSection
	GlobalSection(ExtensibilityGlobals) = postSolution
		SolutionGuid = {AC90AF14-9553-4D95-9DD2-311848316003}
	EndGlobalSection
EndGlobal
