
Microsoft Visual Studio Solution File, Format Version 12.00
# Visual Studio Version 17
VisualStudioVersion = 17.0.31919.166
MinimumVisualStudioVersion = 10.0.40219.1
Project("{FAE04EC0-301F-11D3-BF4B-00C04F79EFBC}") = "CoherentHW5_Task1", "CoherentHW5_Task1.csproj", "{ECDB277D-3B35-4E0D-8DEC-45F682DF787C}"
EndProject
Global
	GlobalSection(SolutionConfigurationPlatforms) = preSolution
		Debug|Any CPU = Debug|Any CPU
		Release|Any CPU = Release|Any CPU
	EndGlobalSection
	GlobalSection(ProjectConfigurationPlatforms) = postSolution
		{ECDB277D-3B35-4E0D-8DEC-45F682DF787C}.Debug|Any CPU.ActiveCfg = Debug|Any CPU
		{ECDB277D-3B35-4E0D-8DEC-45F682DF787C}.Debug|Any CPU.Build.0 = Debug|Any CPU
		{ECDB277D-3B35-4E0D-8DEC-45F682DF787C}.Release|Any CPU.ActiveCfg = Release|Any CPU
		{ECDB277D-3B35-4E0D-8DEC-45F682DF787C}.Release|Any CPU.Build.0 = Release|Any CPU
	EndGlobalSection
	GlobalSection(SolutionProperties) = preSolution
		HideSolutionNode = FALSE
	EndGlobalSection
	GlobalSection(ExtensibilityGlobals) = postSolution
		SolutionGuid = {6490D0AE-BF2B-4754-8EB2-B1470012AFB6}
	EndGlobalSection
EndGlobal
